{
    "name": "com.example.hello",
    "version": "1.0.0",
    "lockfileVersion": 1,
    "requires": true,
    "dependencies": {
        "cordova-plugin-battery-status": {
            "version": "2.0.2",
            "resolved": "https://registry.npmjs.org/cordova-plugin-battery-status/-/cordova-plugin-battery-status-2.0.2.tgz",
            "integrity": "sha1-OqGR97y2/Hz8nd/t9h5rSgWy31U="
        },
        "cordova-plugin-device": {
            "version": "2.0.2",
            "resolved": "https://registry.npmjs.org/cordova-plugin-device/-/cordova-plugin-device-2.0.2.tgz",
            "integrity": "sha1-/Ajzci5n7ve2xnv8mag99q3Quro="
        },
        "cordova-plugin-network-information": {
            "version": "2.0.1",
            "resolved": "https://registry.npmjs.org/cordova-plugin-network-information/-/cordova-plugin-network-information-2.0.1.tgz",
            "integrity": "sha1-6QQh9DDGq3bUCSI/Jfzvu7zhdpA="
        }
    }
}
